# This file was autogenerated by Stack.
# You should not edit this file by hand.
# For more information, please see the documentation at:
#   https://docs.haskellstack.org/en/stable/topics/lock_files

packages: []
snapshots:
- completed:
    sha256: a2fc6fe7714259e185c3ec881b1dc74b852918d3ad7bf1e2408ba2be1b209073
    size: 592703
    url: https://raw.githubusercontent.com/commercialhaskell/stackage-snapshots/master/nightly/2024/2/2.yaml
  original: nightly-2024-02-02
